
Microsoft Visual Studio Solution File, Format Version 12.00
# Visual Studio Version 16
VisualStudioVersion = 16.0.30128.74
MinimumVisualStudioVersion = 10.0.40219.1
Project("{9A19103F-16F7-4668-BE54-9A1E7A4F7556}") = "GLFW.NET", "GLFW.NET\GLFW.NET.csproj", "{96E87D2B-3BC6-449E-B7F3-146A54A35ACA}"
EndProject
Project("{2150E333-8FDC-42A3-9474-1A3956D46DE8}") = "Solution Items", "Solution Items", "{1AB41009-AA61-43E6-9F9B-B827FF1D01DA}"
	ProjectSection(SolutionItems) = preProject
		HISTORY.md = HISTORY.md
		README.md = README.md
	EndProjectSection
EndProject
Project("{2150E333-8FDC-42A3-9474-1A3956D46DE8}") = "Examples", "Examples", "{7DC92A2E-41E8-408E-A022-9A9170D520A8}"
EndProject
Project("{9A19103F-16F7-4668-BE54-9A1E7A4F7556}") = "Glfw.Skia", "Examples\Glfw.Skia\Glfw.Skia.csproj", "{5C97B9A1-2FD4-4B8D-A024-96C052A5DC4C}"
EndProject
Project("{9A19103F-16F7-4668-BE54-9A1E7A4F7556}") = "BasicExample", "Examples\BasicExample\BasicExample.csproj", "{53E7BEED-08D7-43F9-97C9-13368F4C47CA}"
EndProject
Project("{9A19103F-16F7-4668-BE54-9A1E7A4F7556}") = "HelloTriangle", "Examples\HelloTriangle\HelloTriangle.csproj", "{C07A6BE8-5997-46CA-9655-504FBB519630}"
EndProject
Global
	GlobalSection(SolutionConfigurationPlatforms) = preSolution
		Debug|x64 = Debug|x64
		Release|x64 = Release|x64
	EndGlobalSection
	GlobalSection(ProjectConfigurationPlatforms) = postSolution
		{96E87D2B-3BC6-449E-B7F3-146A54A35ACA}.Debug|x64.ActiveCfg = Debug|x64
		{96E87D2B-3BC6-449E-B7F3-146A54A35ACA}.Debug|x64.Build.0 = Debug|x64
		{96E87D2B-3BC6-449E-B7F3-146A54A35ACA}.Release|x64.ActiveCfg = Release|x64
		{96E87D2B-3BC6-449E-B7F3-146A54A35ACA}.Release|x64.Build.0 = Release|x64
		{5C97B9A1-2FD4-4B8D-A024-96C052A5DC4C}.Debug|x64.ActiveCfg = Debug|x64
		{5C97B9A1-2FD4-4B8D-A024-96C052A5DC4C}.Debug|x64.Build.0 = Debug|x64
		{5C97B9A1-2FD4-4B8D-A024-96C052A5DC4C}.Release|x64.ActiveCfg = Release|x64
		{5C97B9A1-2FD4-4B8D-A024-96C052A5DC4C}.Release|x64.Build.0 = Release|x64
		{53E7BEED-08D7-43F9-97C9-13368F4C47CA}.Debug|x64.ActiveCfg = Debug|x64
		{53E7BEED-08D7-43F9-97C9-13368F4C47CA}.Debug|x64.Build.0 = Debug|x64
		{53E7BEED-08D7-43F9-97C9-13368F4C47CA}.Release|x64.ActiveCfg = Release|x64
		{53E7BEED-08D7-43F9-97C9-13368F4C47CA}.Release|x64.Build.0 = Release|x64
		{C07A6BE8-5997-46CA-9655-504FBB519630}.Debug|x64.ActiveCfg = Debug|x64
		{C07A6BE8-5997-46CA-9655-504FBB519630}.Debug|x64.Build.0 = Debug|x64
		{C07A6BE8-5997-46CA-9655-504FBB519630}.Release|x64.ActiveCfg = Release|x64
		{C07A6BE8-5997-46CA-9655-504FBB519630}.Release|x64.Build.0 = Release|x64
	EndGlobalSection
	GlobalSection(SolutionProperties) = preSolution
		HideSolutionNode = FALSE
	EndGlobalSection
	GlobalSection(NestedProjects) = preSolution
		{5C97B9A1-2FD4-4B8D-A024-96C052A5DC4C} = {7DC92A2E-41E8-408E-A022-9A9170D520A8}
		{53E7BEED-08D7-43F9-97C9-13368F4C47CA} = {7DC92A2E-41E8-408E-A022-9A9170D520A8}
		{C07A6BE8-5997-46CA-9655-504FBB519630} = {7DC92A2E-41E8-408E-A022-9A9170D520A8}
	EndGlobalSection
	GlobalSection(ExtensibilityGlobals) = postSolution
		SolutionGuid = {362DA6BC-2AF4-4AC0-81DE-5B5F78F59B31}
	EndGlobalSection
EndGlobal
